// !$*UTF8*$!
{
	archiveVersion = 1;
	classes = {
	};
	objectVersion = 50;
	objects = {

/* Begin PBXBuildFile section */
		DC382AE524DD87CF00BE21C6 /* AppDelegate.swift in Sources */ = {isa = PBXBuildFile; fileRef = DC382AE424DD87CF00BE21C6 /* AppDelegate.swift */; };
		DC382AE724DD87CF00BE21C6 /* SceneDelegate.swift in Sources */ = {isa = PBXBuildFile; fileRef = DC382AE624DD87CF00BE21C6 /* SceneDelegate.swift */; };
		DC382AEC24DD87CF00BE21C6 /* Main.storyboard in Resources */ = {isa = PBXBuildFile; fileRef = DC382AEA24DD87CF00BE21C6 /* Main.storyboard */; };
		DC382AEE24DD87D100BE21C6 /* Assets.xcassets in Resources */ = {isa = PBXBuildFile; fileRef = DC382AED24DD87D100BE21C6 /* Assets.xcassets */; };
		DC382AF124DD87D100BE21C6 /* LaunchScreen.storyboard in Resources */ = {isa = PBXBuildFile; fileRef = DC382AEF24DD87D100BE21C6 /* LaunchScreen.storyboard */; };
		DC382AFF24DDA19100BE21C6 /* Stack.swift in Sources */ = {isa = PBXBuildFile; fileRef = DC382AFE24DDA19100BE21C6 /* Stack.swift */; };
		DC382B0124DDA19D00BE21C6 /* MazeCell.swift in Sources */ = {isa = PBXBuildFile; fileRef = DC382B0024DDA19D00BE21C6 /* MazeCell.swift */; };
		DC4F7ECF24E44D8000B043E9 /* Recursive Backtracker.swift in Sources */ = {isa = PBXBuildFile; fileRef = DC4F7ECE24E44D8000B043E9 /* Recursive Backtracker.swift */; };
		DC69BCAC24E44E6E00720331 /* Aldous-Broder.swift in Sources */ = {isa = PBXBuildFile; fileRef = DC69BCAB24E44E6E00720331 /* Aldous-Broder.swift */; };
		DC84681924DDC32900263757 /* Adjacency List.swift in Sources */ = {isa = PBXBuildFile; fileRef = DC84681824DDC32900263757 /* Adjacency List.swift */; };
		DC84681B24DDEB1800263757 /* Maze.swift in Sources */ = {isa = PBXBuildFile; fileRef = DC84681A24DDEB1800263757 /* Maze.swift */; };
		DC84681E24DDF88B00263757 /* Maze Generator.swift in Sources */ = {isa = PBXBuildFile; fileRef = DC84681D24DDF88B00263757 /* Maze Generator.swift */; };
		DC84682024E00E3100263757 /* MazeView.swift in Sources */ = {isa = PBXBuildFile; fileRef = DC84681F24E00E3100263757 /* MazeView.swift */; };
/* End PBXBuildFile section */

/* Begin PBXFileReference section */
		DC382AE124DD87CF00BE21C6 /* MazeGenerator.app */ = {isa = PBXFileReference; explicitFileType = wrapper.application; includeInIndex = 0; path = MazeGenerator.app; sourceTree = BUILT_PRODUCTS_DIR; };
		DC382AE424DD87CF00BE21C6 /* AppDelegate.swift */ = {isa = PBXFileReference; lastKnownFileType = sourcecode.swift; path = AppDelegate.swift; sourceTree = "<group>"; };
		DC382AE624DD87CF00BE21C6 /* SceneDelegate.swift */ = {isa = PBXFileReference; lastKnownFileType = sourcecode.swift; path = SceneDelegate.swift; sourceTree = "<group>"; };
		DC382AEB24DD87CF00BE21C6 /* Base */ = {isa = PBXFileReference; lastKnownFileType = file.storyboard; name = Base; path = Base.lproj/Main.storyboard; sourceTree = "<group>"; };
		DC382AED24DD87D100BE21C6 /* Assets.xcassets */ = {isa = PBXFileReference; lastKnownFileType = folder.assetcatalog; path = Assets.xcassets; sourceTree = "<group>"; };
		DC382AF024DD87D100BE21C6 /* Base */ = {isa = PBXFileReference; lastKnownFileType = file.storyboard; name = Base; path = Base.lproj/LaunchScreen.storyboard; sourceTree = "<group>"; };
		DC382AF224DD87D100BE21C6 /* Info.plist */ = {isa = PBXFileReference; lastKnownFileType = text.plist.xml; path = Info.plist; sourceTree = "<group>"; };
		DC382AF824DD94CE00BE21C6 /* MazeGenerator.entitlements */ = {isa = PBXFileReference; lastKnownFileType = text.plist.entitlements; path = MazeGenerator.entitlements; sourceTree = "<group>"; };
		DC382AFE24DDA19100BE21C6 /* Stack.swift */ = {isa = PBXFileReference; lastKnownFileType = sourcecode.swift; path = Stack.swift; sourceTree = "<group>"; };
		DC382B0024DDA19D00BE21C6 /* MazeCell.swift */ = {isa = PBXFileReference; lastKnownFileType = sourcecode.swift; path = MazeCell.swift; sourceTree = "<group>"; };
		DC4F7ECE24E44D8000B043E9 /* Recursive Backtracker.swift */ = {isa = PBXFileReference; lastKnownFileType = sourcecode.swift; path = "Recursive Backtracker.swift"; sourceTree = "<group>"; };
		DC69BCAB24E44E6E00720331 /* Aldous-Broder.swift */ = {isa = PBXFileReference; lastKnownFileType = sourcecode.swift; path = "Aldous-Broder.swift"; sourceTree = "<group>"; };
		DC84681824DDC32900263757 /* Adjacency List.swift */ = {isa = PBXFileReference; lastKnownFileType = sourcecode.swift; path = "Adjacency List.swift"; sourceTree = "<group>"; };
		DC84681A24DDEB1800263757 /* Maze.swift */ = {isa = PBXFileReference; fileEncoding = 4; lastKnownFileType = sourcecode.swift; path = Maze.swift; sourceTree = "<group>"; };
		DC84681D24DDF88B00263757 /* Maze Generator.swift */ = {isa = PBXFileReference; lastKnownFileType = sourcecode.swift; path = "Maze Generator.swift"; sourceTree = "<group>"; };
		DC84681F24E00E3100263757 /* MazeView.swift */ = {isa = PBXFileReference; lastKnownFileType = sourcecode.swift; path = MazeView.swift; sourceTree = "<group>"; };
		DF9D445C2504E7540006F9F1 /* README.md */ = {isa = PBXFileReference; lastKnownFileType = net.daringfireball.markdown; path = README.md; sourceTree = "<group>"; };
		DF9D445E2504E7C20006F9F1 /* Maze.png */ = {isa = PBXFileReference; lastKnownFileType = image.png; path = Maze.png; sourceTree = "<group>"; };
/* End PBXFileReference section */

/* Begin PBXFrameworksBuildPhase section */
		DC382ADE24DD87CF00BE21C6 /* Frameworks */ = {
			isa = PBXFrameworksBuildPhase;
			buildActionMask = 2147483647;
			files = (
			);
			runOnlyForDeploymentPostprocessing = 0;
		};
/* End PBXFrameworksBuildPhase section */

/* Begin PBXGroup section */
		DC382AD824DD87CF00BE21C6 = {
			isa = PBXGroup;
			children = (
				DF9D445C2504E7540006F9F1 /* README.md */,
				DF9D445D2504E7AA0006F9F1 /* Readme_Files */,
				DC382AE324DD87CF00BE21C6 /* MazeGenerator */,
				DC382AE224DD87CF00BE21C6 /* Products */,
			);
			sourceTree = "<group>";
		};
		DC382AE224DD87CF00BE21C6 /* Products */ = {
			isa = PBXGroup;
			children = (
				DC382AE124DD87CF00BE21C6 /* MazeGenerator.app */,
			);
			name = Products;
			sourceTree = "<group>";
		};
		DC382AE324DD87CF00BE21C6 /* MazeGenerator */ = {
			isa = PBXGroup;
			children = (
				DC382AF824DD94CE00BE21C6 /* MazeGenerator.entitlements */,
				DC382AE424DD87CF00BE21C6 /* AppDelegate.swift */,
				DC382AE624DD87CF00BE21C6 /* SceneDelegate.swift */,
				DC382AFD24DDA18100BE21C6 /* Maze Stuff */,
				DC382AEA24DD87CF00BE21C6 /* Main.storyboard */,
				DC382AED24DD87D100BE21C6 /* Assets.xcassets */,
				DC382AEF24DD87D100BE21C6 /* LaunchScreen.storyboard */,
				DC382AF224DD87D100BE21C6 /* Info.plist */,
			);
			path = MazeGenerator;
			sourceTree = "<group>";
		};
		DC382AFD24DDA18100BE21C6 /* Maze Stuff */ = {
			isa = PBXGroup;
			children = (
				DC84681F24E00E3100263757 /* MazeView.swift */,
				DC84681D24DDF88B00263757 /* Maze Generator.swift */,
				DC4F7ECD24E44D6F00B043E9 /* Generator Algorithms */,
				DC382AFE24DDA19100BE21C6 /* Stack.swift */,
				DC382B0024DDA19D00BE21C6 /* MazeCell.swift */,
				DC84681A24DDEB1800263757 /* Maze.swift */,
				DC84681824DDC32900263757 /* Adjacency List.swift */,
			);
			path = "Maze Stuff";
			sourceTree = "<group>";
		};
		DC4F7ECD24E44D6F00B043E9 /* Generator Algorithms */ = {
			isa = PBXGroup;
			children = (
				DC4F7ECE24E44D8000B043E9 /* Recursive Backtracker.swift */,
				DC69BCAB24E44E6E00720331 /* Aldous-Broder.swift */,
			);
			path = "Generator Algorithms";
			sourceTree = "<group>";
		};
		DF9D445D2504E7AA0006F9F1 /* Readme_Files */ = {
			isa = PBXGroup;
			children = (
				DF9D445E2504E7C20006F9F1 /* Maze.png */,
			);
			path = Readme_Files;
			sourceTree = "<group>";
		};
/* End PBXGroup section */

/* Begin PBXNativeTarget section */
		DC382AE024DD87CF00BE21C6 /* MazeGenerator */ = {
			isa = PBXNativeTarget;
			buildConfigurationList = DC382AF524DD87D100BE21C6 /* Build configuration list for PBXNativeTarget "MazeGenerator" */;
			buildPhases = (
				DC382ADD24DD87CF00BE21C6 /* Sources */,
				DC382ADE24DD87CF00BE21C6 /* Frameworks */,
				DC382ADF24DD87CF00BE21C6 /* Resources */,
			);
			buildRules = (
			);
			dependencies = (
			);
			name = MazeGenerator;
			productName = GoreGraphicsStuff;
			productReference = DC382AE124DD87CF00BE21C6 /* MazeGenerator.app */;
			productType = "com.apple.product-type.application";
		};
/* End PBXNativeTarget section */

/* Begin PBXProject section */
		DC382AD924DD87CF00BE21C6 /* Project object */ = {
			isa = PBXProject;
			attributes = {
				LastSwiftUpdateCheck = 1160;
				LastUpgradeCheck = 1200;
				ORGANIZATIONNAME = iron59;
				TargetAttributes = {
					DC382AE024DD87CF00BE21C6 = {
						CreatedOnToolsVersion = 11.6;
					};
				};
			};
			buildConfigurationList = DC382ADC24DD87CF00BE21C6 /* Build configuration list for PBXProject "MazeGenerator" */;
			compatibilityVersion = "Xcode 9.3";
			developmentRegion = en;
			hasScannedForEncodings = 0;
			knownRegions = (
				en,
				Base,
			);
			mainGroup = DC382AD824DD87CF00BE21C6;
			productRefGroup = DC382AE224DD87CF00BE21C6 /* Products */;
			projectDirPath = "";
			projectRoot = "";
			targets = (
				DC382AE024DD87CF00BE21C6 /* MazeGenerator */,
			);
		};
/* End PBXProject section */

/* Begin PBXResourcesBuildPhase section */
		DC382ADF24DD87CF00BE21C6 /* Resources */ = {
			isa = PBXResourcesBuildPhase;
			buildActionMask = 2147483647;
			files = (
				DC382AF124DD87D100BE21C6 /* LaunchScreen.storyboard in Resources */,
				DC382AEE24DD87D100BE21C6 /* Assets.xcassets in Resources */,
				DC382AEC24DD87CF00BE21C6 /* Main.storyboard in Resources */,
			);
			runOnlyForDeploymentPostprocessing = 0;
		};
/* End PBXResourcesBuildPhase section */

/* Begin PBXSourcesBuildPhase section */
		DC382ADD24DD87CF00BE21C6 /* Sources */ = {
			isa = PBXSourcesBuildPhase;
			buildActionMask = 2147483647;
			files = (
				DC382AE524DD87CF00BE21C6 /* AppDelegate.swift in Sources */,
				DC84681924DDC32900263757 /* Adjacency List.swift in Sources */,
				DC382AFF24DDA19100BE21C6 /* Stack.swift in Sources */,
				DC84681E24DDF88B00263757 /* Maze Generator.swift in Sources */,
				DC4F7ECF24E44D8000B043E9 /* Recursive Backtracker.swift in Sources */,
				DC382AE724DD87CF00BE21C6 /* SceneDelegate.swift in Sources */,
				DC84681B24DDEB1800263757 /* Maze.swift in Sources */,
				DC69BCAC24E44E6E00720331 /* Aldous-Broder.swift in Sources */,
				DC84682024E00E3100263757 /* MazeView.swift in Sources */,
				DC382B0124DDA19D00BE21C6 /* MazeCell.swift in Sources */,
			);
			runOnlyForDeploymentPostprocessing = 0;
		};
/* End PBXSourcesBuildPhase section */

/* Begin PBXVariantGroup section */
		DC382AEA24DD87CF00BE21C6 /* Main.storyboard */ = {
			isa = PBXVariantGroup;
			children = (
				DC382AEB24DD87CF00BE21C6 /* Base */,
			);
			name = Main.storyboard;
			sourceTree = "<group>";
		};
		DC382AEF24DD87D100BE21C6 /* LaunchScreen.storyboard */ = {
			isa = PBXVariantGroup;
			children = (
				DC382AF024DD87D100BE21C6 /* Base */,
			);
			name = LaunchScreen.storyboard;
			sourceTree = "<group>";
		};
/* End PBXVariantGroup section */

/* Begin XCBuildConfiguration section */
		DC382AF324DD87D100BE21C6 /* Debug */ = {
			isa = XCBuildConfiguration;
			buildSettings = {
				ALWAYS_SEARCH_USER_PATHS = NO;
				CLANG_ANALYZER_NONNULL = YES;
				CLANG_ANALYZER_NUMBER_OBJECT_CONVERSION = YES_AGGRESSIVE;
				CLANG_CXX_LANGUAGE_STANDARD = "gnu++14";
				CLANG_CXX_LIBRARY = "libc++";
				CLANG_ENABLE_MODULES = YES;
				CLANG_ENABLE_OBJC_ARC = YES;
				CLANG_ENABLE_OBJC_WEAK = YES;
				CLANG_WARN_BLOCK_CAPTURE_AUTORELEASING = YES;
				CLANG_WARN_BOOL_CONVERSION = YES;
				CLANG_WARN_COMMA = YES;
				CLANG_WARN_CONSTANT_CONVERSION = YES;
				CLANG_WARN_DEPRECATED_OBJC_IMPLEMENTATIONS = YES;
				CLANG_WARN_DIRECT_OBJC_ISA_USAGE = YES_ERROR;
				CLANG_WARN_DOCUMENTATION_COMMENTS = YES;
				CLANG_WARN_EMPTY_BODY = YES;
				CLANG_WARN_ENUM_CONVERSION = YES;
				CLANG_WARN_INFINITE_RECURSION = YES;
				CLANG_WARN_INT_CONVERSION = YES;
				CLANG_WARN_NON_LITERAL_NULL_CONVERSION = YES;
				CLANG_WARN_OBJC_IMPLICIT_RETAIN_SELF = YES;
				CLANG_WARN_OBJC_LITERAL_CONVERSION = YES;
				CLANG_WARN_OBJC_ROOT_CLASS = YES_ERROR;
				CLANG_WARN_QUOTED_INCLUDE_IN_FRAMEWORK_HEADER = YES;
				CLANG_WARN_RANGE_LOOP_ANALYSIS = YES;
				CLANG_WARN_STRICT_PROTOTYPES = YES;
				CLANG_WARN_SUSPICIOUS_MOVE = YES;
				CLANG_WARN_UNGUARDED_AVAILABILITY = YES_AGGRESSIVE;
				CLANG_WARN_UNREACHABLE_CODE = YES;
				CLANG_WARN__DUPLICATE_METHOD_MATCH = YES;
				COPY_PHASE_STRIP = NO;
				DEBUG_INFORMATION_FORMAT = dwarf;
				ENABLE_STRICT_OBJC_MSGSEND = YES;
				ENABLE_TESTABILITY = YES;
				GCC_C_LANGUAGE_STANDARD = gnu11;
				GCC_DYNAMIC_NO_PIC = NO;
				GCC_NO_COMMON_BLOCKS = YES;
				GCC_OPTIMIZATION_LEVEL = 0;
				GCC_PREPROCESSOR_DEFINITIONS = (
					"DEBUG=1",
					"$(inherited)",
				);
				GCC_WARN_64_TO_32_BIT_CONVERSION = YES;
				GCC_WARN_ABOUT_RETURN_TYPE = YES_ERROR;
				GCC_WARN_UNDECLARED_SELECTOR = YES;
				GCC_WARN_UNINITIALIZED_AUTOS = YES_AGGRESSIVE;
				GCC_WARN_UNUSED_FUNCTION = YES;
				GCC_WARN_UNUSED_VARIABLE = YES;
				IPHONEOS_DEPLOYMENT_TARGET = 13.6;
				MTL_ENABLE_DEBUG_INFO = INCLUDE_SOURCE;
				MTL_FAST_MATH = YES;
				ONLY_ACTIVE_ARCH = YES;
				SDKROOT = iphoneos;
				SWIFT_ACTIVE_COMPILATION_CONDITIONS = DEBUG;
				SWIFT_OPTIMIZATION_LEVEL = "-Onone";
			};
			name = Debug;
		};
		DC382AF424DD87D100BE21C6 /* Release */ = {
			isa = XCBuildConfiguration;
			buildSettings = {
				ALWAYS_SEARCH_USER_PATHS = NO;
				CLANG_ANALYZER_NONNULL = YES;
				CLANG_ANALYZER_NUMBER_OBJECT_CONVERSION = YES_AGGRESSIVE;
				CLANG_CXX_LANGUAGE_STANDARD = "gnu++14";
				CLANG_CXX_LIBRARY = "libc++";
				CLANG_ENABLE_MODULES = YES;
				CLANG_ENABLE_OBJC_ARC = YES;
				CLANG_ENABLE_OBJC_WEAK = YES;
				CLANG_WARN_BLOCK_CAPTURE_AUTORELEASING = YES;
				CLANG_WARN_BOOL_CONVERSION = YES;
				CLANG_WARN_COMMA = YES;
				CLANG_WARN_CONSTANT_CONVERSION = YES;
				CLANG_WARN_DEPRECATED_OBJC_IMPLEMENTATIONS = YES;
				CLANG_WARN_DIRECT_OBJC_ISA_USAGE = YES_ERROR;
				CLANG_WARN_DOCUMENTATION_COMMENTS = YES;
				CLANG_WARN_EMPTY_BODY = YES;
				CLANG_WARN_ENUM_CONVERSION = YES;
				CLANG_WARN_INFINITE_RECURSION = YES;
				CLANG_WARN_INT_CONVERSION = YES;
				CLANG_WARN_NON_LITERAL_NULL_CONVERSION = YES;
				CLANG_WARN_OBJC_IMPLICIT_RETAIN_SELF = YES;
				CLANG_WARN_OBJC_LITERAL_CONVERSION = YES;
				CLANG_WARN_OBJC_ROOT_CLASS = YES_ERROR;
				CLANG_WARN_QUOTED_INCLUDE_IN_FRAMEWORK_HEADER = YES;
				CLANG_WARN_RANGE_LOOP_ANALYSIS = YES;
				CLANG_WARN_STRICT_PROTOTYPES = YES;
				CLANG_WARN_SUSPICIOUS_MOVE = YES;
				CLANG_WARN_UNGUARDED_AVAILABILITY = YES_AGGRESSIVE;
				CLANG_WARN_UNREACHABLE_CODE = YES;
				CLANG_WARN__DUPLICATE_METHOD_MATCH = YES;
				COPY_PHASE_STRIP = NO;
				DEBUG_INFORMATION_FORMAT = "dwarf-with-dsym";
				ENABLE_NS_ASSERTIONS = NO;
				ENABLE_STRICT_OBJC_MSGSEND = YES;
				GCC_C_LANGUAGE_STANDARD = gnu11;
				GCC_NO_COMMON_BLOCKS = YES;
				GCC_WARN_64_TO_32_BIT_CONVERSION = YES;
				GCC_WARN_ABOUT_RETURN_TYPE = YES_ERROR;
				GCC_WARN_UNDECLARED_SELECTOR = YES;
				GCC_WARN_UNINITIALIZED_AUTOS = YES_AGGRESSIVE;
				GCC_WARN_UNUSED_FUNCTION = YES;
				GCC_WARN_UNUSED_VARIABLE = YES;
				IPHONEOS_DEPLOYMENT_TARGET = 13.6;
				MTL_ENABLE_DEBUG_INFO = NO;
				MTL_FAST_MATH = YES;
				SDKROOT = iphoneos;
				SWIFT_COMPILATION_MODE = wholemodule;
				SWIFT_OPTIMIZATION_LEVEL = "-O";
				VALIDATE_PRODUCT = YES;
			};
			name = Release;
		};
		DC382AF624DD87D100BE21C6 /* Debug */ = {
			isa = XCBuildConfiguration;
			buildSettings = {
				ASSETCATALOG_COMPILER_APPICON_NAME = AppIcon;
				CLANG_USE_OPTIMIZATION_PROFILE = YES;
				CODE_SIGN_ENTITLEMENTS = MazeGenerator/MazeGenerator.entitlements;
				CODE_SIGN_STYLE = Automatic;
				DEVELOPMENT_TEAM = G78D5X4L92;
				INFOPLIST_FILE = MazeGenerator/Info.plist;
				IPHONEOS_DEPLOYMENT_TARGET = 13.6;
				"IPHONEOS_DEPLOYMENT_TARGET[sdk=macosx*]" = 13.1;
				LD_RUNPATH_SEARCH_PATHS = (
					"$(inherited)",
					"@executable_path/Frameworks",
				);
				PRODUCT_BUNDLE_IDENTIFIER = iron59.MazeGenerator;
				PRODUCT_NAME = "$(TARGET_NAME)";
				SUPPORTS_MACCATALYST = YES;
				SWIFT_VERSION = 5.0;
				TARGETED_DEVICE_FAMILY = "1,2";
			};
			name = Debug;
		};
		DC382AF724DD87D100BE21C6 /* Release */ = {
			isa = XCBuildConfiguration;
			buildSettings = {
				ASSETCATALOG_COMPILER_APPICON_NAME = AppIcon;
				CLANG_USE_OPTIMIZATION_PROFILE = YES;
				CODE_SIGN_ENTITLEMENTS = MazeGenerator/MazeGenerator.entitlements;
				CODE_SIGN_STYLE = Automatic;
				DEVELOPMENT_TEAM = G78D5X4L92;
				INFOPLIST_FILE = MazeGenerator/Info.plist;
				IPHONEOS_DEPLOYMENT_TARGET = 13.6;
				"IPHONEOS_DEPLOYMENT_TARGET[sdk=macosx*]" = 13.1;
				LD_RUNPATH_SEARCH_PATHS = (
					"$(inherited)",
					"@executable_path/Frameworks",
				);
				PRODUCT_BUNDLE_IDENTIFIER = iron59.MazeGenerator;
				PRODUCT_NAME = "$(TARGET_NAME)";
				SUPPORTS_MACCATALYST = YES;
				SWIFT_VERSION = 5.0;
				TARGETED_DEVICE_FAMILY = "1,2";
			};
			name = Release;
		};
/* End XCBuildConfiguration section */

/* Begin XCConfigurationList section */
		DC382ADC24DD87CF00BE21C6 /* Build configuration list for PBXProject "MazeGenerator" */ = {
			isa = XCConfigurationList;
			buildConfigurations = (
				DC382AF324DD87D100BE21C6 /* Debug */,
				DC382AF424DD87D100BE21C6 /* Release */,
			);
			defaultConfigurationIsVisible = 0;
			defaultConfigurationName = Release;
		};
		DC382AF524DD87D100BE21C6 /* Build configuration list for PBXNativeTarget "MazeGenerator" */ = {
			isa = XCConfigurationList;
			buildConfigurations = (
				DC382AF624DD87D100BE21C6 /* Debug */,
				DC382AF724DD87D100BE21C6 /* Release */,
			);
			defaultConfigurationIsVisible = 0;
			defaultConfigurationName = Release;
		};
/* End XCConfigurationList section */
	};
	rootObject = DC382AD924DD87CF00BE21C6 /* Project object */;
}
